
Microsoft Visual Studio Solution File, Format Version 12.00
# Visual Studio Version 17
VisualStudioVersion = 17.13.35931.197 d17.13
MinimumVisualStudioVersion = 10.0.40219.1
Project("{FAE04EC0-301F-11D3-BF4B-00C04F79EFBC}") = "DemoExample", "DemoExample\DemoExample.csproj", "{A524DFC4-B538-4665-9388-4DB75D7EE70D}"
EndProject
Global
	GlobalSection(SolutionConfigurationPlatforms) = preSolution
		Debug|Any CPU = Debug|Any CPU
		Release|Any CPU = Release|Any CPU
	EndGlobalSection
	GlobalSection(ProjectConfigurationPlatforms) = postSolution
		{A524DFC4-B538-4665-9388-4DB75D7EE70D}.Debug|Any CPU.ActiveCfg = Debug|Any CPU
		{A524DFC4-B538-4665-9388-4DB75D7EE70D}.Debug|Any CPU.Build.0 = Debug|Any CPU
		{A524DFC4-B538-4665-9388-4DB75D7EE70D}.Release|Any CPU.ActiveCfg = Release|Any CPU
		{A524DFC4-B538-4665-9388-4DB75D7EE70D}.Release|Any CPU.Build.0 = Release|Any CPU
	EndGlobalSection
	GlobalSection(SolutionProperties) = preSolution
		HideSolutionNode = FALSE
	EndGlobalSection
	GlobalSection(ExtensibilityGlobals) = postSolution
		SolutionGuid = {DA77E780-2F64-4C60-A364-A6964B67D418}
	EndGlobalSection
EndGlobal
